
Microsoft Visual Studio Solution File, Format Version 12.00
# Visual Studio Version 17
VisualStudioVersion = 17.4.33122.133
MinimumVisualStudioVersion = 10.0.40219.1
Project("{9A19103F-16F7-4668-BE54-9A1E7A4F7556}") = "MultasAdmin", "MultasAdmin.csproj", "{987D8A98-6E46-401F-9F5E-17A981C60503}"
EndProject
Global
	GlobalSection(SolutionConfigurationPlatforms) = preSolution
		Debug|Any CPU = Debug|Any CPU
		Release|Any CPU = Release|Any CPU
	EndGlobalSection
	GlobalSection(ProjectConfigurationPlatforms) = postSolution
		{987D8A98-6E46-401F-9F5E-17A981C60503}.Debug|Any CPU.ActiveCfg = Debug|Any CPU
		{987D8A98-6E46-401F-9F5E-17A981C60503}.Debug|Any CPU.Build.0 = Debug|Any CPU
		{987D8A98-6E46-401F-9F5E-17A981C60503}.Release|Any CPU.ActiveCfg = Release|Any CPU
		{987D8A98-6E46-401F-9F5E-17A981C60503}.Release|Any CPU.Build.0 = Release|Any CPU
	EndGlobalSection
	GlobalSection(SolutionProperties) = preSolution
		HideSolutionNode = FALSE
	EndGlobalSection
	GlobalSection(ExtensibilityGlobals) = postSolution
		SolutionGuid = {D87E6C51-20C7-4D4B-B4EB-4AC78C81B0A3}
	EndGlobalSection
EndGlobal
